
Microsoft Visual Studio Solution File, Format Version 12.00
# Visual Studio Version 16
VisualStudioVersion = 16.0.30204.135
MinimumVisualStudioVersion = 10.0.40219.1
Project("{FAE04EC0-301F-11D3-BF4B-00C04F79EFBC}") = "IndianCensusCSVData015", "IndianCensusCSVData015\IndianCensusCSVData015.csproj", "{74882CDD-8BB0-4CA5-827D-ED442EF6A0B7}"
EndProject
Project("{9A19103F-16F7-4668-BE54-9A1E7A4F7556}") = "NUnitTestForIndianCensusData", "NUnitTestForIndianCensusData\NUnitTestForIndianCensusData.csproj", "{7CEA2651-70E3-41BB-9998-3E5924E80EAB}"
EndProject
Project("{FAE04EC0-301F-11D3-BF4B-00C04F79EFBC}") = "MSTestForIndianCensusData", "MSTestForIndianCensusData\MSTestForIndianCensusData.csproj", "{FA63FA8D-459E-4E3E-80CD-3A37A3A98E5E}"
EndProject
Global
	GlobalSection(SolutionConfigurationPlatforms) = preSolution
		Debug|Any CPU = Debug|Any CPU
		Release|Any CPU = Release|Any CPU
	EndGlobalSection
	GlobalSection(ProjectConfigurationPlatforms) = postSolution
		{74882CDD-8BB0-4CA5-827D-ED442EF6A0B7}.Debug|Any CPU.ActiveCfg = Debug|Any CPU
		{74882CDD-8BB0-4CA5-827D-ED442EF6A0B7}.Debug|Any CPU.Build.0 = Debug|Any CPU
		{74882CDD-8BB0-4CA5-827D-ED442EF6A0B7}.Release|Any CPU.ActiveCfg = Release|Any CPU
		{74882CDD-8BB0-4CA5-827D-ED442EF6A0B7}.Release|Any CPU.Build.0 = Release|Any CPU
		{7CEA2651-70E3-41BB-9998-3E5924E80EAB}.Debug|Any CPU.ActiveCfg = Debug|Any CPU
		{7CEA2651-70E3-41BB-9998-3E5924E80EAB}.Debug|Any CPU.Build.0 = Debug|Any CPU
		{7CEA2651-70E3-41BB-9998-3E5924E80EAB}.Release|Any CPU.ActiveCfg = Release|Any CPU
		{7CEA2651-70E3-41BB-9998-3E5924E80EAB}.Release|Any CPU.Build.0 = Release|Any CPU
		{FA63FA8D-459E-4E3E-80CD-3A37A3A98E5E}.Debug|Any CPU.ActiveCfg = Debug|Any CPU
		{FA63FA8D-459E-4E3E-80CD-3A37A3A98E5E}.Debug|Any CPU.Build.0 = Debug|Any CPU
		{FA63FA8D-459E-4E3E-80CD-3A37A3A98E5E}.Release|Any CPU.ActiveCfg = Release|Any CPU
		{FA63FA8D-459E-4E3E-80CD-3A37A3A98E5E}.Release|Any CPU.Build.0 = Release|Any CPU
	EndGlobalSection
	GlobalSection(SolutionProperties) = preSolution
		HideSolutionNode = FALSE
	EndGlobalSection
	GlobalSection(ExtensibilityGlobals) = postSolution
		SolutionGuid = {3415406C-69A4-42B5-BE83-A0EEC6FCEA32}
	EndGlobalSection
EndGlobal
